
Microsoft Visual Studio Solution File, Format Version 12.00
# Visual Studio Version 17
VisualStudioVersion = 17.6.33829.357
MinimumVisualStudioVersion = 10.0.40219.1
Project("{FAE04EC0-301F-11D3-BF4B-00C04F79EFBC}") = "IssueSite4IIS", "IssueSite4IIS\IssueSite4IIS.csproj", "{7DDB42DC-35A8-401D-95E7-EF4A723FE636}"
EndProject
Global
	GlobalSection(SolutionConfigurationPlatforms) = preSolution
		Debug|Any CPU = Debug|Any CPU
		Release|Any CPU = Release|Any CPU
	EndGlobalSection
	GlobalSection(ProjectConfigurationPlatforms) = postSolution
		{7DDB42DC-35A8-401D-95E7-EF4A723FE636}.Debug|Any CPU.ActiveCfg = Debug|Any CPU
		{7DDB42DC-35A8-401D-95E7-EF4A723FE636}.Debug|Any CPU.Build.0 = Debug|Any CPU
		{7DDB42DC-35A8-401D-95E7-EF4A723FE636}.Release|Any CPU.ActiveCfg = Release|Any CPU
		{7DDB42DC-35A8-401D-95E7-EF4A723FE636}.Release|Any CPU.Build.0 = Release|Any CPU
	EndGlobalSection
	GlobalSection(SolutionProperties) = preSolution
		HideSolutionNode = FALSE
	EndGlobalSection
	GlobalSection(ExtensibilityGlobals) = postSolution
		SolutionGuid = {4910D50C-455C-4AA8-80DA-3A321B1F91CA}
	EndGlobalSection
EndGlobal
